// !$*UTF8*$!
{
	archiveVersion = 1;
	classes = {
	};
	objectVersion = 56;
	objects = {

/* Begin PBXBuildFile section */
		B828B08D2C20FE92002B82AF /* Lottie in Frameworks */ = {isa = PBXBuildFile; productRef = B828B08C2C20FE92002B82AF /* Lottie */; };
		B85C86CB2C1AD61B00143CC7 /* AppDelegate.swift in Sources */ = {isa = PBXBuildFile; fileRef = B85C86CA2C1AD61B00143CC7 /* AppDelegate.swift */; };
		B85C86CD2C1AD61B00143CC7 /* SceneDelegate.swift in Sources */ = {isa = PBXBuildFile; fileRef = B85C86CC2C1AD61B00143CC7 /* SceneDelegate.swift */; };
		B85C86D42C1AD61C00143CC7 /* Assets.xcassets in Resources */ = {isa = PBXBuildFile; fileRef = B85C86D32C1AD61C00143CC7 /* Assets.xcassets */; };
		B85C86D72C1AD61C00143CC7 /* Base in Resources */ = {isa = PBXBuildFile; fileRef = B85C86D62C1AD61C00143CC7 /* Base */; };
		B85C86DF2C1AD6CA00143CC7 /* .gitignore in Resources */ = {isa = PBXBuildFile; fileRef = B85C86DE2C1AD6CA00143CC7 /* .gitignore */; };
		B85C86E12C1AD6D800143CC7 /* APIInfo.swift in Sources */ = {isa = PBXBuildFile; fileRef = B85C86E02C1AD6D800143CC7 /* APIInfo.swift */; };
		B85C86E62C1AD7A400143CC7 /* Alamofire in Frameworks */ = {isa = PBXBuildFile; productRef = B85C86E52C1AD7A400143CC7 /* Alamofire */; };
		B85C86E92C1AD7B300143CC7 /* Kingfisher in Frameworks */ = {isa = PBXBuildFile; productRef = B85C86E82C1AD7B300143CC7 /* Kingfisher */; };
		B85C86EC2C1AD7BC00143CC7 /* SnapKit in Frameworks */ = {isa = PBXBuildFile; productRef = B85C86EB2C1AD7BC00143CC7 /* SnapKit */; };
		B85C86EF2C1AD7C300143CC7 /* IQKeyboardManagerSwift in Frameworks */ = {isa = PBXBuildFile; productRef = B85C86EE2C1AD7C300143CC7 /* IQKeyboardManagerSwift */; };
		B85C86F22C1AD7CB00143CC7 /* SwiftyUserDefaults in Frameworks */ = {isa = PBXBuildFile; productRef = B85C86F12C1AD7CB00143CC7 /* SwiftyUserDefaults */; };
		B85C86F52C1AD7D500143CC7 /* Toast in Frameworks */ = {isa = PBXBuildFile; productRef = B85C86F42C1AD7D500143CC7 /* Toast */; };
		B85C86FA2C1ADB3800143CC7 /* Color.swift in Sources */ = {isa = PBXBuildFile; fileRef = B85C86F92C1ADB3800143CC7 /* Color.swift */; };
		B85C86FD2C1ADBE000143CC7 /* UIColor+Extension.swift in Sources */ = {isa = PBXBuildFile; fileRef = B85C86FC2C1ADBE000143CC7 /* UIColor+Extension.swift */; };
		B85C86FF2C1ADD9300143CC7 /* ImageAssets.swift in Sources */ = {isa = PBXBuildFile; fileRef = B85C86FE2C1ADD9300143CC7 /* ImageAssets.swift */; };
		B85C87042C1ADEB500143CC7 /* CharacterView.swift in Sources */ = {isa = PBXBuildFile; fileRef = B85C87032C1ADEB500143CC7 /* CharacterView.swift */; };
		B85C87062C1ADF1C00143CC7 /* MainTabBarController.swift in Sources */ = {isa = PBXBuildFile; fileRef = B85C87052C1ADF1C00143CC7 /* MainTabBarController.swift */; };
		B85C87082C1ADF8900143CC7 /* OnboardingViewController.swift in Sources */ = {isa = PBXBuildFile; fileRef = B85C87072C1ADF8900143CC7 /* OnboardingViewController.swift */; };
		B85C870E2C1AE00200143CC7 /* DefaultsKeys+Extension.swift in Sources */ = {isa = PBXBuildFile; fileRef = B85C870D2C1AE00200143CC7 /* DefaultsKeys+Extension.swift */; };
		B85C87162C1AE3D800143CC7 /* BaseButton.swift in Sources */ = {isa = PBXBuildFile; fileRef = B85C87152C1AE3D800143CC7 /* BaseButton.swift */; };
		B85C87182C1AE3E800143CC7 /* BaseVC.swift in Sources */ = {isa = PBXBuildFile; fileRef = B85C87172C1AE3E800143CC7 /* BaseVC.swift */; };
		B85C871A2C1AE79A00143CC7 /* ButtonType.swift in Sources */ = {isa = PBXBuildFile; fileRef = B85C87192C1AE79A00143CC7 /* ButtonType.swift */; };
		B85C871C2C1AEA3A00143CC7 /* Localized.swift in Sources */ = {isa = PBXBuildFile; fileRef = B85C871B2C1AEA3A00143CC7 /* Localized.swift */; };
		B85C871E2C1AF34500143CC7 /* ProfileSettingViewController.swift in Sources */ = {isa = PBXBuildFile; fileRef = B85C871D2C1AF34500143CC7 /* ProfileSettingViewController.swift */; };
		B85C87222C1AFEFE00143CC7 /* ProfileVCType.swift in Sources */ = {isa = PBXBuildFile; fileRef = B85C87212C1AFEFE00143CC7 /* ProfileVCType.swift */; };
		B85C87242C1B227D00143CC7 /* BaseFont.swift in Sources */ = {isa = PBXBuildFile; fileRef = B85C87232C1B227D00143CC7 /* BaseFont.swift */; };
		B85C87262C1B2DF700143CC7 /* SelectCharacterViewController.swift in Sources */ = {isa = PBXBuildFile; fileRef = B85C87252C1B2DF700143CC7 /* SelectCharacterViewController.swift */; };
		B85C872B2C1B2E3A00143CC7 /* CharacterCollectionViewCell.swift in Sources */ = {isa = PBXBuildFile; fileRef = B85C872A2C1B2E3A00143CC7 /* CharacterCollectionViewCell.swift */; };
		B85C872F2C1B3B3C00143CC7 /* Character.swift in Sources */ = {isa = PBXBuildFile; fileRef = B85C872E2C1B3B3C00143CC7 /* Character.swift */; };
		B85C87312C1B430D00143CC7 /* SearchViewController.swift in Sources */ = {isa = PBXBuildFile; fileRef = B85C87302C1B430D00143CC7 /* SearchViewController.swift */; };
		B85C87332C1B433800143CC7 /* MeaningOutListViewController.swift in Sources */ = {isa = PBXBuildFile; fileRef = B85C87322C1B433800143CC7 /* MeaningOutListViewController.swift */; };
		B85C87352C1B437500143CC7 /* ProductWebViewController.swift in Sources */ = {isa = PBXBuildFile; fileRef = B85C87342C1B437400143CC7 /* ProductWebViewController.swift */; };
		B85C87382C1B43AD00143CC7 /* MeaningOutItemCell.swift in Sources */ = {isa = PBXBuildFile; fileRef = B85C87372C1B43AD00143CC7 /* MeaningOutItemCell.swift */; };
		B85C873C2C1B449000143CC7 /* SettingViewController.swift in Sources */ = {isa = PBXBuildFile; fileRef = B85C873B2C1B449000143CC7 /* SettingViewController.swift */; };
		B85C873F2C1BFB8F00143CC7 /* SearchResults.swift in Sources */ = {isa = PBXBuildFile; fileRef = B85C873E2C1BFB8F00143CC7 /* SearchResults.swift */; };
		B85C87412C1C006500143CC7 /* SearchItemCell.swift in Sources */ = {isa = PBXBuildFile; fileRef = B85C87402C1C006500143CC7 /* SearchItemCell.swift */; };
		B85C87432C1C028600143CC7 /* UIViewController+Extension.swift in Sources */ = {isa = PBXBuildFile; fileRef = B85C87422C1C028600143CC7 /* UIViewController+Extension.swift */; };
		B85C87452C1C33F700143CC7 /* ShoppingItemList.swift in Sources */ = {isa = PBXBuildFile; fileRef = B85C87442C1C33F700143CC7 /* ShoppingItemList.swift */; };
		B85C87472C1C3AC900143CC7 /* APIService.swift in Sources */ = {isa = PBXBuildFile; fileRef = B85C87462C1C3AC900143CC7 /* APIService.swift */; };
		B85C874C2C1C3DF400143CC7 /* String+Extension.swift in Sources */ = {isa = PBXBuildFile; fileRef = B85C874B2C1C3DF400143CC7 /* String+Extension.swift */; };
		B85C874E2C1D4C4000143CC7 /* MeaningOutListHeaderView.swift in Sources */ = {isa = PBXBuildFile; fileRef = B85C874D2C1D4C4000143CC7 /* MeaningOutListHeaderView.swift */; };
		B85C87502C1D507A00143CC7 /* FilterButton.swift in Sources */ = {isa = PBXBuildFile; fileRef = B85C874F2C1D507A00143CC7 /* FilterButton.swift */; };
		B85C87542C1F1CB700143CC7 /* SettingTableViewCell.swift in Sources */ = {isa = PBXBuildFile; fileRef = B85C87532C1F1CB700143CC7 /* SettingTableViewCell.swift */; };
		B85C87572C1F259D00143CC7 /* SettingType.swift in Sources */ = {isa = PBXBuildFile; fileRef = B85C87562C1F259D00143CC7 /* SettingType.swift */; };
		B85C87592C1F260100143CC7 /* SettingHeaderView.swift in Sources */ = {isa = PBXBuildFile; fileRef = B85C87582C1F260100143CC7 /* SettingHeaderView.swift */; };
		B85C875B2C1F26C500143CC7 /* FilterType.swift in Sources */ = {isa = PBXBuildFile; fileRef = B85C875A2C1F26C500143CC7 /* FilterType.swift */; };
		B85C875D2C1F26E400143CC7 /* User.swift in Sources */ = {isa = PBXBuildFile; fileRef = B85C875C2C1F26E400143CC7 /* User.swift */; };
		B87313092C3CB183000AF9FB /* CartCategoryViewController.swift in Sources */ = {isa = PBXBuildFile; fileRef = B87313082C3CB183000AF9FB /* CartCategoryViewController.swift */; };
		B87313162C3D1B42000AF9FB /* ProfileSettingViewModel.swift in Sources */ = {isa = PBXBuildFile; fileRef = B87313152C3D1B42000AF9FB /* ProfileSettingViewModel.swift */; };
		B87313182C3D1C1D000AF9FB /* Observable.swift in Sources */ = {isa = PBXBuildFile; fileRef = B87313172C3D1C1D000AF9FB /* Observable.swift */; };
		B873131C2C3D70FE000AF9FB /* AddCategoryViewController.swift in Sources */ = {isa = PBXBuildFile; fileRef = B873131B2C3D70FE000AF9FB /* AddCategoryViewController.swift */; };
		B87313202C3E0664000AF9FB /* SelectCharacterViewModel.swift in Sources */ = {isa = PBXBuildFile; fileRef = B873131F2C3E0664000AF9FB /* SelectCharacterViewModel.swift */; };
		B873133E2C3E4C6B000AF9FB /* MeaningOutListViewModel.swift in Sources */ = {isa = PBXBuildFile; fileRef = B873133D2C3E4C6B000AF9FB /* MeaningOutListViewModel.swift */; };
		B87313412C3E683E000AF9FB /* ProductWebViewModel.swift in Sources */ = {isa = PBXBuildFile; fileRef = B87313402C3E683E000AF9FB /* ProductWebViewModel.swift */; };
		B87313432C3ECF3F000AF9FB /* SearchViewModel.swift in Sources */ = {isa = PBXBuildFile; fileRef = B87313422C3ECF3F000AF9FB /* SearchViewModel.swift */; };
		B87313462C3EDAE5000AF9FB /* SettingViewModel.swift in Sources */ = {isa = PBXBuildFile; fileRef = B87313452C3EDAE5000AF9FB /* SettingViewModel.swift */; };
		B87313552C3FCF53000AF9FB /* NSAttributedString+Extension.swift in Sources */ = {isa = PBXBuildFile; fileRef = B87313542C3FCF53000AF9FB /* NSAttributedString+Extension.swift */; };
		B87313572C42641B000AF9FB /* CategoryListCollectionViewCell.swift in Sources */ = {isa = PBXBuildFile; fileRef = B87313562C42641B000AF9FB /* CategoryListCollectionViewCell.swift */; };
		B873135A2C42736E000AF9FB /* AddProductViewController.swift in Sources */ = {isa = PBXBuildFile; fileRef = B87313592C42736E000AF9FB /* AddProductViewController.swift */; };
		B873135C2C4273EE000AF9FB /* AddProductTableViewCell.swift in Sources */ = {isa = PBXBuildFile; fileRef = B873135B2C4273EE000AF9FB /* AddProductTableViewCell.swift */; };
		B873135E2C42BE03000AF9FB /* AddProductViewModel.swift in Sources */ = {isa = PBXBuildFile; fileRef = B873135D2C42BE03000AF9FB /* AddProductViewModel.swift */; };
		B87313602C42CA17000AF9FB /* CartCategoryViewModel.swift in Sources */ = {isa = PBXBuildFile; fileRef = B873135F2C42CA17000AF9FB /* CartCategoryViewModel.swift */; };
		B87313622C42CE43000AF9FB /* CartViewModel.swift in Sources */ = {isa = PBXBuildFile; fileRef = B87313612C42CE43000AF9FB /* CartViewModel.swift */; };
		B8759EFC2C2AC1F700D8B30B /* BaseTableViewCell.swift in Sources */ = {isa = PBXBuildFile; fileRef = B8759EFB2C2AC1F700D8B30B /* BaseTableViewCell.swift */; };
		B89D65F42C2C004B004E418F /* APIManager.swift in Sources */ = {isa = PBXBuildFile; fileRef = B89D65F32C2C004B004E418F /* APIManager.swift */; };
		B8D93ED52C21601D00034165 /* CharacterStyle.swift in Sources */ = {isa = PBXBuildFile; fileRef = B8D93ED42C21601D00034165 /* CharacterStyle.swift */; };
		B8D93ED72C216B4D00034165 /* loading.json in Resources */ = {isa = PBXBuildFile; fileRef = B8D93ED62C216B4D00034165 /* loading.json */; };
		B8F4ED022C37A77E004D68E5 /* RealmSwift in Frameworks */ = {isa = PBXBuildFile; productRef = B8F4ED012C37A77E004D68E5 /* RealmSwift */; };
		B8F4ED072C37A7CB004D68E5 /* CartViewController.swift in Sources */ = {isa = PBXBuildFile; fileRef = B8F4ED062C37A7CB004D68E5 /* CartViewController.swift */; };
		B8F4ED092C37A871004D68E5 /* CartItemModel.swift in Sources */ = {isa = PBXBuildFile; fileRef = B8F4ED082C37A871004D68E5 /* CartItemModel.swift */; };
		B8F4ED0B2C37ADE5004D68E5 /* CartRepository.swift in Sources */ = {isa = PBXBuildFile; fileRef = B8F4ED0A2C37ADE5004D68E5 /* CartRepository.swift */; };
		B8F4ED0D2C37C8ED004D68E5 /* FileManager+Extension.swift in Sources */ = {isa = PBXBuildFile; fileRef = B8F4ED0C2C37C8ED004D68E5 /* FileManager+Extension.swift */; };
		B8F4ED0F2C390CFF004D68E5 /* UIView+Extension.swift in Sources */ = {isa = PBXBuildFile; fileRef = B8F4ED0E2C390CFF004D68E5 /* UIView+Extension.swift */; };
		B8F74E222C3B60EB00075BB7 /* RealmSwift in Embed Frameworks */ = {isa = PBXBuildFile; productRef = B8F4ED012C37A77E004D68E5 /* RealmSwift */; settings = {ATTRIBUTES = (CodeSignOnCopy, ); }; };
		B8FE7B3B2C21030B00566592 /* cart.json in Resources */ = {isa = PBXBuildFile; fileRef = B8FE7B3A2C21030B00566592 /* cart.json */; };
/* End PBXBuildFile section */

/* Begin PBXCopyFilesBuildPhase section */
		B8F74E232C3B60EB00075BB7 /* Embed Frameworks */ = {
			isa = PBXCopyFilesBuildPhase;
			buildActionMask = 2147483647;
			dstPath = "";
			dstSubfolderSpec = 10;
			files = (
				B8F74E222C3B60EB00075BB7 /* RealmSwift in Embed Frameworks */,
			);
			name = "Embed Frameworks";
			runOnlyForDeploymentPostprocessing = 0;
		};
/* End PBXCopyFilesBuildPhase section */

/* Begin PBXFileReference section */
		B85C86C72C1AD61B00143CC7 /* MeaningOutApp.app */ = {isa = PBXFileReference; explicitFileType = wrapper.application; includeInIndex = 0; path = MeaningOutApp.app; sourceTree = BUILT_PRODUCTS_DIR; };
		B85C86CA2C1AD61B00143CC7 /* AppDelegate.swift */ = {isa = PBXFileReference; lastKnownFileType = sourcecode.swift; path = AppDelegate.swift; sourceTree = "<group>"; };
		B85C86CC2C1AD61B00143CC7 /* SceneDelegate.swift */ = {isa = PBXFileReference; lastKnownFileType = sourcecode.swift; path = SceneDelegate.swift; sourceTree = "<group>"; };
		B85C86D32C1AD61C00143CC7 /* Assets.xcassets */ = {isa = PBXFileReference; lastKnownFileType = folder.assetcatalog; path = Assets.xcassets; sourceTree = "<group>"; };
		B85C86D62C1AD61C00143CC7 /* Base */ = {isa = PBXFileReference; lastKnownFileType = file.storyboard; name = Base; path = Base.lproj/LaunchScreen.storyboard; sourceTree = "<group>"; };
		B85C86D82C1AD61C00143CC7 /* Info.plist */ = {isa = PBXFileReference; lastKnownFileType = text.plist.xml; path = Info.plist; sourceTree = "<group>"; };
		B85C86DE2C1AD6CA00143CC7 /* .gitignore */ = {isa = PBXFileReference; lastKnownFileType = text; path = .gitignore; sourceTree = "<group>"; };
		B85C86E02C1AD6D800143CC7 /* APIInfo.swift */ = {isa = PBXFileReference; lastKnownFileType = sourcecode.swift; path = APIInfo.swift; sourceTree = "<group>"; };
		B85C86F92C1ADB3800143CC7 /* Color.swift */ = {isa = PBXFileReference; lastKnownFileType = sourcecode.swift; path = Color.swift; sourceTree = "<group>"; };
		B85C86FC2C1ADBE000143CC7 /* UIColor+Extension.swift */ = {isa = PBXFileReference; lastKnownFileType = sourcecode.swift; path = "UIColor+Extension.swift"; sourceTree = "<group>"; };
		B85C86FE2C1ADD9300143CC7 /* ImageAssets.swift */ = {isa = PBXFileReference; lastKnownFileType = sourcecode.swift; path = ImageAssets.swift; sourceTree = "<group>"; };
		B85C87032C1ADEB500143CC7 /* CharacterView.swift */ = {isa = PBXFileReference; lastKnownFileType = sourcecode.swift; path = CharacterView.swift; sourceTree = "<group>"; };
		B85C87052C1ADF1C00143CC7 /* MainTabBarController.swift */ = {isa = PBXFileReference; lastKnownFileType = sourcecode.swift; path = MainTabBarController.swift; sourceTree = "<group>"; };
		B85C87072C1ADF8900143CC7 /* OnboardingViewController.swift */ = {isa = PBXFileReference; lastKnownFileType = sourcecode.swift; path = OnboardingViewController.swift; sourceTree = "<group>"; };
		B85C870D2C1AE00200143CC7 /* DefaultsKeys+Extension.swift */ = {isa = PBXFileReference; lastKnownFileType = sourcecode.swift; path = "DefaultsKeys+Extension.swift"; sourceTree = "<group>"; };
		B85C87152C1AE3D800143CC7 /* BaseButton.swift */ = {isa = PBXFileReference; lastKnownFileType = sourcecode.swift; path = BaseButton.swift; sourceTree = "<group>"; };
		B85C87172C1AE3E800143CC7 /* BaseVC.swift */ = {isa = PBXFileReference; lastKnownFileType = sourcecode.swift; path = BaseVC.swift; sourceTree = "<group>"; };
		B85C87192C1AE79A00143CC7 /* ButtonType.swift */ = {isa = PBXFileReference; lastKnownFileType = sourcecode.swift; path = ButtonType.swift; sourceTree = "<group>"; };
		B85C871B2C1AEA3A00143CC7 /* Localized.swift */ = {isa = PBXFileReference; lastKnownFileType = sourcecode.swift; path = Localized.swift; sourceTree = "<group>"; };
		B85C871D2C1AF34500143CC7 /* ProfileSettingViewController.swift */ = {isa = PBXFileReference; lastKnownFileType = sourcecode.swift; path = ProfileSettingViewController.swift; sourceTree = "<group>"; };
		B85C87212C1AFEFE00143CC7 /* ProfileVCType.swift */ = {isa = PBXFileReference; lastKnownFileType = sourcecode.swift; path = ProfileVCType.swift; sourceTree = "<group>"; };
		B85C87232C1B227D00143CC7 /* BaseFont.swift */ = {isa = PBXFileReference; lastKnownFileType = sourcecode.swift; path = BaseFont.swift; sourceTree = "<group>"; };
		B85C87252C1B2DF700143CC7 /* SelectCharacterViewController.swift */ = {isa = PBXFileReference; lastKnownFileType = sourcecode.swift; path = SelectCharacterViewController.swift; sourceTree = "<group>"; };
		B85C872A2C1B2E3A00143CC7 /* CharacterCollectionViewCell.swift */ = {isa = PBXFileReference; lastKnownFileType = sourcecode.swift; path = CharacterCollectionViewCell.swift; sourceTree = "<group>"; };
		B85C872E2C1B3B3C00143CC7 /* Character.swift */ = {isa = PBXFileReference; lastKnownFileType = sourcecode.swift; path = Character.swift; sourceTree = "<group>"; };
		B85C87302C1B430D00143CC7 /* SearchViewController.swift */ = {isa = PBXFileReference; lastKnownFileType = sourcecode.swift; path = SearchViewController.swift; sourceTree = "<group>"; };
		B85C87322C1B433800143CC7 /* MeaningOutListViewController.swift */ = {isa = PBXFileReference; lastKnownFileType = sourcecode.swift; path = MeaningOutListViewController.swift; sourceTree = "<group>"; };
		B85C87342C1B437400143CC7 /* ProductWebViewController.swift */ = {isa = PBXFileReference; lastKnownFileType = sourcecode.swift; path = ProductWebViewController.swift; sourceTree = "<group>"; };
		B85C87372C1B43AD00143CC7 /* MeaningOutItemCell.swift */ = {isa = PBXFileReference; lastKnownFileType = sourcecode.swift; path = MeaningOutItemCell.swift; sourceTree = "<group>"; };
		B85C873B2C1B449000143CC7 /* SettingViewController.swift */ = {isa = PBXFileReference; lastKnownFileType = sourcecode.swift; path = SettingViewController.swift; sourceTree = "<group>"; };
		B85C873E2C1BFB8F00143CC7 /* SearchResults.swift */ = {isa = PBXFileReference; lastKnownFileType = sourcecode.swift; path = SearchResults.swift; sourceTree = "<group>"; };
		B85C87402C1C006500143CC7 /* SearchItemCell.swift */ = {isa = PBXFileReference; lastKnownFileType = sourcecode.swift; path = SearchItemCell.swift; sourceTree = "<group>"; };
		B85C87422C1C028600143CC7 /* UIViewController+Extension.swift */ = {isa = PBXFileReference; lastKnownFileType = sourcecode.swift; path = "UIViewController+Extension.swift"; sourceTree = "<group>"; };
		B85C87442C1C33F700143CC7 /* ShoppingItemList.swift */ = {isa = PBXFileReference; lastKnownFileType = sourcecode.swift; path = ShoppingItemList.swift; sourceTree = "<group>"; };
		B85C87462C1C3AC900143CC7 /* APIService.swift */ = {isa = PBXFileReference; lastKnownFileType = sourcecode.swift; path = APIService.swift; sourceTree = "<group>"; };
		B85C874B2C1C3DF400143CC7 /* String+Extension.swift */ = {isa = PBXFileReference; lastKnownFileType = sourcecode.swift; path = "String+Extension.swift"; sourceTree = "<group>"; };
		B85C874D2C1D4C4000143CC7 /* MeaningOutListHeaderView.swift */ = {isa = PBXFileReference; lastKnownFileType = sourcecode.swift; path = MeaningOutListHeaderView.swift; sourceTree = "<group>"; };
		B85C874F2C1D507A00143CC7 /* FilterButton.swift */ = {isa = PBXFileReference; lastKnownFileType = sourcecode.swift; path = FilterButton.swift; sourceTree = "<group>"; };
		B85C87532C1F1CB700143CC7 /* SettingTableViewCell.swift */ = {isa = PBXFileReference; lastKnownFileType = sourcecode.swift; path = SettingTableViewCell.swift; sourceTree = "<group>"; };
		B85C87562C1F259D00143CC7 /* SettingType.swift */ = {isa = PBXFileReference; lastKnownFileType = sourcecode.swift; path = SettingType.swift; sourceTree = "<group>"; };
		B85C87582C1F260100143CC7 /* SettingHeaderView.swift */ = {isa = PBXFileReference; lastKnownFileType = sourcecode.swift; path = SettingHeaderView.swift; sourceTree = "<group>"; };
		B85C875A2C1F26C500143CC7 /* FilterType.swift */ = {isa = PBXFileReference; lastKnownFileType = sourcecode.swift; path = FilterType.swift; sourceTree = "<group>"; };
		B85C875C2C1F26E400143CC7 /* User.swift */ = {isa = PBXFileReference; lastKnownFileType = sourcecode.swift; path = User.swift; sourceTree = "<group>"; };
		B87313082C3CB183000AF9FB /* CartCategoryViewController.swift */ = {isa = PBXFileReference; lastKnownFileType = sourcecode.swift; path = CartCategoryViewController.swift; sourceTree = "<group>"; };
		B87313152C3D1B42000AF9FB /* ProfileSettingViewModel.swift */ = {isa = PBXFileReference; lastKnownFileType = sourcecode.swift; path = ProfileSettingViewModel.swift; sourceTree = "<group>"; };
		B87313172C3D1C1D000AF9FB /* Observable.swift */ = {isa = PBXFileReference; lastKnownFileType = sourcecode.swift; path = Observable.swift; sourceTree = "<group>"; };
		B873131B2C3D70FE000AF9FB /* AddCategoryViewController.swift */ = {isa = PBXFileReference; lastKnownFileType = sourcecode.swift; path = AddCategoryViewController.swift; sourceTree = "<group>"; };
		B873131F2C3E0664000AF9FB /* SelectCharacterViewModel.swift */ = {isa = PBXFileReference; lastKnownFileType = sourcecode.swift; path = SelectCharacterViewModel.swift; sourceTree = "<group>"; };
		B873133D2C3E4C6B000AF9FB /* MeaningOutListViewModel.swift */ = {isa = PBXFileReference; lastKnownFileType = sourcecode.swift; path = MeaningOutListViewModel.swift; sourceTree = "<group>"; };
		B87313402C3E683E000AF9FB /* ProductWebViewModel.swift */ = {isa = PBXFileReference; lastKnownFileType = sourcecode.swift; path = ProductWebViewModel.swift; sourceTree = "<group>"; };
		B87313422C3ECF3F000AF9FB /* SearchViewModel.swift */ = {isa = PBXFileReference; lastKnownFileType = sourcecode.swift; path = SearchViewModel.swift; sourceTree = "<group>"; };
		B87313452C3EDAE5000AF9FB /* SettingViewModel.swift */ = {isa = PBXFileReference; lastKnownFileType = sourcecode.swift; path = SettingViewModel.swift; sourceTree = "<group>"; };
		B87313542C3FCF53000AF9FB /* NSAttributedString+Extension.swift */ = {isa = PBXFileReference; lastKnownFileType = sourcecode.swift; path = "NSAttributedString+Extension.swift"; sourceTree = "<group>"; };
		B87313562C42641B000AF9FB /* CategoryListCollectionViewCell.swift */ = {isa = PBXFileReference; lastKnownFileType = sourcecode.swift; path = CategoryListCollectionViewCell.swift; sourceTree = "<group>"; };
		B87313592C42736E000AF9FB /* AddProductViewController.swift */ = {isa = PBXFileReference; lastKnownFileType = sourcecode.swift; path = AddProductViewController.swift; sourceTree = "<group>"; };
		B873135B2C4273EE000AF9FB /* AddProductTableViewCell.swift */ = {isa = PBXFileReference; lastKnownFileType = sourcecode.swift; path = AddProductTableViewCell.swift; sourceTree = "<group>"; };
		B873135D2C42BE03000AF9FB /* AddProductViewModel.swift */ = {isa = PBXFileReference; lastKnownFileType = sourcecode.swift; path = AddProductViewModel.swift; sourceTree = "<group>"; };
		B873135F2C42CA17000AF9FB /* CartCategoryViewModel.swift */ = {isa = PBXFileReference; lastKnownFileType = sourcecode.swift; path = CartCategoryViewModel.swift; sourceTree = "<group>"; };
		B87313612C42CE43000AF9FB /* CartViewModel.swift */ = {isa = PBXFileReference; lastKnownFileType = sourcecode.swift; path = CartViewModel.swift; sourceTree = "<group>"; };
		B8759EFB2C2AC1F700D8B30B /* BaseTableViewCell.swift */ = {isa = PBXFileReference; lastKnownFileType = sourcecode.swift; path = BaseTableViewCell.swift; sourceTree = "<group>"; };
		B89D65F32C2C004B004E418F /* APIManager.swift */ = {isa = PBXFileReference; lastKnownFileType = sourcecode.swift; path = APIManager.swift; sourceTree = "<group>"; };
		B8D93ED42C21601D00034165 /* CharacterStyle.swift */ = {isa = PBXFileReference; lastKnownFileType = sourcecode.swift; path = CharacterStyle.swift; sourceTree = "<group>"; };
		B8D93ED62C216B4D00034165 /* loading.json */ = {isa = PBXFileReference; fileEncoding = 4; lastKnownFileType = text.json; path = loading.json; sourceTree = "<group>"; };
		B8F4ED062C37A7CB004D68E5 /* CartViewController.swift */ = {isa = PBXFileReference; lastKnownFileType = sourcecode.swift; path = CartViewController.swift; sourceTree = "<group>"; };
		B8F4ED082C37A871004D68E5 /* CartItemModel.swift */ = {isa = PBXFileReference; lastKnownFileType = sourcecode.swift; path = CartItemModel.swift; sourceTree = "<group>"; };
		B8F4ED0A2C37ADE5004D68E5 /* CartRepository.swift */ = {isa = PBXFileReference; lastKnownFileType = sourcecode.swift; path = CartRepository.swift; sourceTree = "<group>"; };
		B8F4ED0C2C37C8ED004D68E5 /* FileManager+Extension.swift */ = {isa = PBXFileReference; lastKnownFileType = sourcecode.swift; path = "FileManager+Extension.swift"; sourceTree = "<group>"; };
		B8F4ED0E2C390CFF004D68E5 /* UIView+Extension.swift */ = {isa = PBXFileReference; lastKnownFileType = sourcecode.swift; path = "UIView+Extension.swift"; sourceTree = "<group>"; };
		B8FE7B3A2C21030B00566592 /* cart.json */ = {isa = PBXFileReference; fileEncoding = 4; lastKnownFileType = text.json; path = cart.json; sourceTree = "<group>"; };
/* End PBXFileReference section */

/* Begin PBXFrameworksBuildPhase section */
		B85C86C42C1AD61B00143CC7 /* Frameworks */ = {
			isa = PBXFrameworksBuildPhase;
			buildActionMask = 2147483647;
			files = (
				B8F4ED022C37A77E004D68E5 /* RealmSwift in Frameworks */,
				B85C86F52C1AD7D500143CC7 /* Toast in Frameworks */,
				B828B08D2C20FE92002B82AF /* Lottie in Frameworks */,
				B85C86EC2C1AD7BC00143CC7 /* SnapKit in Frameworks */,
				B85C86EF2C1AD7C300143CC7 /* IQKeyboardManagerSwift in Frameworks */,
				B85C86E92C1AD7B300143CC7 /* Kingfisher in Frameworks */,
				B85C86F22C1AD7CB00143CC7 /* SwiftyUserDefaults in Frameworks */,
				B85C86E62C1AD7A400143CC7 /* Alamofire in Frameworks */,
			);
			runOnlyForDeploymentPostprocessing = 0;
		};
/* End PBXFrameworksBuildPhase section */

/* Begin PBXGroup section */
		B85C86BE2C1AD61B00143CC7 = {
			isa = PBXGroup;
			children = (
				B85C86DE2C1AD6CA00143CC7 /* .gitignore */,
				B85C86C92C1AD61B00143CC7 /* MeaningOutApp */,
				B85C86C82C1AD61B00143CC7 /* Products */,
			);
			sourceTree = "<group>";
		};
		B85C86C82C1AD61B00143CC7 /* Products */ = {
			isa = PBXGroup;
			children = (
				B85C86C72C1AD61B00143CC7 /* MeaningOutApp.app */,
			);
			name = Products;
			sourceTree = "<group>";
		};
		B85C86C92C1AD61B00143CC7 /* MeaningOutApp */ = {
			isa = PBXGroup;
			children = (
				B8F4ED032C37A786004D68E5 /* Repository */,
				B8FE7B392C2102FE00566592 /* Resource */,
				B85C87552C1F258D00143CC7 /* Enum */,
				B85C873D2C1BFB8400143CC7 /* Model */,
				B85C86E22C1AD6ED00143CC7 /* App */,
				B85C86E32C1AD6FD00143CC7 /* API */,
				B85C87392C1B43F500143CC7 /* UI */,
				B85C87002C1ADE5100143CC7 /* Custom */,
				B85C86F82C1ADAC400143CC7 /* Utils */,
				B85C86FB2C1ADBD700143CC7 /* Extension */,
				B85C86D32C1AD61C00143CC7 /* Assets.xcassets */,
				B85C86D52C1AD61C00143CC7 /* LaunchScreen.storyboard */,
				B85C86D82C1AD61C00143CC7 /* Info.plist */,
			);
			path = MeaningOutApp;
			sourceTree = "<group>";
		};
		B85C86E22C1AD6ED00143CC7 /* App */ = {
			isa = PBXGroup;
			children = (
				B85C86CA2C1AD61B00143CC7 /* AppDelegate.swift */,
				B85C86CC2C1AD61B00143CC7 /* SceneDelegate.swift */,
			);
			path = App;
			sourceTree = "<group>";
		};
		B85C86E32C1AD6FD00143CC7 /* API */ = {
			isa = PBXGroup;
			children = (
				B85C86E02C1AD6D800143CC7 /* APIInfo.swift */,
				B85C87462C1C3AC900143CC7 /* APIService.swift */,
				B89D65F32C2C004B004E418F /* APIManager.swift */,
			);
			path = API;
			sourceTree = "<group>";
		};
		B85C86F62C1ADA9600143CC7 /* Setting */ = {
			isa = PBXGroup;
			children = (
				B87313442C3EDAD1000AF9FB /* SettingView */,
				B87313072C3CB172000AF9FB /* Cart */,
				B85C87292C1B2E0A00143CC7 /* SelectCharacter */,
				B85C873A2C1B447D00143CC7 /* Profile Setting */,
			);
			path = Setting;
			sourceTree = "<group>";
		};
		B85C86F72C1ADAA000143CC7 /* Search */ = {
			isa = PBXGroup;
			children = (
				B85C874A2C1C3B9000143CC7 /* SearchVC */,
				B873133F2C3E4C7C000AF9FB /* MeaningOutList */,
				B87313592C42736E000AF9FB /* AddProductViewController.swift */,
				B873135D2C42BE03000AF9FB /* AddProductViewModel.swift */,
				B85C87342C1B437400143CC7 /* ProductWebViewController.swift */,
				B87313402C3E683E000AF9FB /* ProductWebViewModel.swift */,
			);
			path = Search;
			sourceTree = "<group>";
		};
		B85C86F82C1ADAC400143CC7 /* Utils */ = {
			isa = PBXGroup;
			children = (
				B85C86F92C1ADB3800143CC7 /* Color.swift */,
				B85C86FE2C1ADD9300143CC7 /* ImageAssets.swift */,
				B85C87192C1AE79A00143CC7 /* ButtonType.swift */,
				B85C871B2C1AEA3A00143CC7 /* Localized.swift */,
				B85C87212C1AFEFE00143CC7 /* ProfileVCType.swift */,
				B85C87232C1B227D00143CC7 /* BaseFont.swift */,
				B85C872E2C1B3B3C00143CC7 /* Character.swift */,
				B87313172C3D1C1D000AF9FB /* Observable.swift */,
			);
			path = Utils;
			sourceTree = "<group>";
		};
		B85C86FB2C1ADBD700143CC7 /* Extension */ = {
			isa = PBXGroup;
			children = (
				B85C86FC2C1ADBE000143CC7 /* UIColor+Extension.swift */,
				B85C870D2C1AE00200143CC7 /* DefaultsKeys+Extension.swift */,
				B85C87422C1C028600143CC7 /* UIViewController+Extension.swift */,
				B85C874B2C1C3DF400143CC7 /* String+Extension.swift */,
				B8F4ED0C2C37C8ED004D68E5 /* FileManager+Extension.swift */,
				B8F4ED0E2C390CFF004D68E5 /* UIView+Extension.swift */,
				B87313542C3FCF53000AF9FB /* NSAttributedString+Extension.swift */,
			);
			path = Extension;
			sourceTree = "<group>";
		};
		B85C87002C1ADE5100143CC7 /* Custom */ = {
			isa = PBXGroup;
			children = (
				B85C87032C1ADEB500143CC7 /* CharacterView.swift */,
				B85C87152C1AE3D800143CC7 /* BaseButton.swift */,
				B85C87172C1AE3E800143CC7 /* BaseVC.swift */,
				B8759EFB2C2AC1F700D8B30B /* BaseTableViewCell.swift */,
				B85C874F2C1D507A00143CC7 /* FilterButton.swift */,
			);
			path = Custom;
			sourceTree = "<group>";
		};
		B85C87292C1B2E0A00143CC7 /* SelectCharacter */ = {
			isa = PBXGroup;
			children = (
				B873133C2C3E4AEF000AF9FB /* Cell */,
				B85C87252C1B2DF700143CC7 /* SelectCharacterViewController.swift */,
				B873131F2C3E0664000AF9FB /* SelectCharacterViewModel.swift */,
			);
			path = SelectCharacter;
			sourceTree = "<group>";
		};
		B85C87392C1B43F500143CC7 /* UI */ = {
			isa = PBXGroup;
			children = (
				B85C87052C1ADF1C00143CC7 /* MainTabBarController.swift */,
				B85C87072C1ADF8900143CC7 /* OnboardingViewController.swift */,
				B85C86F72C1ADAA000143CC7 /* Search */,
				B85C86F62C1ADA9600143CC7 /* Setting */,
			);
			path = UI;
			sourceTree = "<group>";
		};
		B85C873A2C1B447D00143CC7 /* Profile Setting */ = {
			isa = PBXGroup;
			children = (
				B85C871D2C1AF34500143CC7 /* ProfileSettingViewController.swift */,
				B87313152C3D1B42000AF9FB /* ProfileSettingViewModel.swift */,
			);
			path = "Profile Setting";
			sourceTree = "<group>";
		};
		B85C873D2C1BFB8400143CC7 /* Model */ = {
			isa = PBXGroup;
			children = (
				B85C873E2C1BFB8F00143CC7 /* SearchResults.swift */,
				B85C87442C1C33F700143CC7 /* ShoppingItemList.swift */,
				B85C875C2C1F26E400143CC7 /* User.swift */,
				B8F4ED082C37A871004D68E5 /* CartItemModel.swift */,
			);
			path = Model;
			sourceTree = "<group>";
		};
		B85C874A2C1C3B9000143CC7 /* SearchVC */ = {
			isa = PBXGroup;
			children = (
				B85C87302C1B430D00143CC7 /* SearchViewController.swift */,
				B87313422C3ECF3F000AF9FB /* SearchViewModel.swift */,
				B85C87402C1C006500143CC7 /* SearchItemCell.swift */,
			);
			path = SearchVC;
			sourceTree = "<group>";
		};
		B85C87552C1F258D00143CC7 /* Enum */ = {
			isa = PBXGroup;
			children = (
				B85C87562C1F259D00143CC7 /* SettingType.swift */,
				B85C875A2C1F26C500143CC7 /* FilterType.swift */,
				B8D93ED42C21601D00034165 /* CharacterStyle.swift */,
			);
			path = Enum;
			sourceTree = "<group>";
		};
		B87313072C3CB172000AF9FB /* Cart */ = {
			isa = PBXGroup;
			children = (
				B873130A2C3CB288000AF9FB /* Cell */,
				B87313082C3CB183000AF9FB /* CartCategoryViewController.swift */,
				B873135F2C42CA17000AF9FB /* CartCategoryViewModel.swift */,
				B8F4ED062C37A7CB004D68E5 /* CartViewController.swift */,
				B87313612C42CE43000AF9FB /* CartViewModel.swift */,
				B873131B2C3D70FE000AF9FB /* AddCategoryViewController.swift */,
			);
			path = Cart;
			sourceTree = "<group>";
		};
		B873130A2C3CB288000AF9FB /* Cell */ = {
			isa = PBXGroup;
			children = (
				B87313562C42641B000AF9FB /* CategoryListCollectionViewCell.swift */,
			);
			path = Cell;
			sourceTree = "<group>";
		};
		B873133C2C3E4AEF000AF9FB /* Cell */ = {
			isa = PBXGroup;
			children = (
				B85C872A2C1B2E3A00143CC7 /* CharacterCollectionViewCell.swift */,
			);
			path = Cell;
			sourceTree = "<group>";
		};
		B873133F2C3E4C7C000AF9FB /* MeaningOutList */ = {
			isa = PBXGroup;
			children = (
				B87313582C4272E4000AF9FB /* Cell */,
				B85C874D2C1D4C4000143CC7 /* MeaningOutListHeaderView.swift */,
				B85C87322C1B433800143CC7 /* MeaningOutListViewController.swift */,
				B873133D2C3E4C6B000AF9FB /* MeaningOutListViewModel.swift */,
			);
			path = MeaningOutList;
			sourceTree = "<group>";
		};
		B87313442C3EDAD1000AF9FB /* SettingView */ = {
			isa = PBXGroup;
			children = (
				B8F4ED052C37A7BB004D68E5 /* Cell */,
				B85C873B2C1B449000143CC7 /* SettingViewController.swift */,
				B87313452C3EDAE5000AF9FB /* SettingViewModel.swift */,
			);
			path = SettingView;
			sourceTree = "<group>";
		};
		B87313582C4272E4000AF9FB /* Cell */ = {
			isa = PBXGroup;
			children = (
				B85C87372C1B43AD00143CC7 /* MeaningOutItemCell.swift */,
				B873135B2C4273EE000AF9FB /* AddProductTableViewCell.swift */,
			);
			path = Cell;
			sourceTree = "<group>";
		};
		B8F4ED032C37A786004D68E5 /* Repository */ = {
			isa = PBXGroup;
			children = (
				B8F4ED0A2C37ADE5004D68E5 /* CartRepository.swift */,
			);
			path = Repository;
			sourceTree = "<group>";
		};
		B8F4ED052C37A7BB004D68E5 /* Cell */ = {
			isa = PBXGroup;
			children = (
				B85C87532C1F1CB700143CC7 /* SettingTableViewCell.swift */,
				B85C87582C1F260100143CC7 /* SettingHeaderView.swift */,
			);
			path = Cell;
			sourceTree = "<group>";
		};
		B8FE7B392C2102FE00566592 /* Resource */ = {
			isa = PBXGroup;
			children = (
				B8D93ED62C216B4D00034165 /* loading.json */,
				B8FE7B3A2C21030B00566592 /* cart.json */,
			);
			path = Resource;
			sourceTree = "<group>";
		};
/* End PBXGroup section */

/* Begin PBXNativeTarget section */
		B85C86C62C1AD61B00143CC7 /* MeaningOutApp */ = {
			isa = PBXNativeTarget;
			buildConfigurationList = B85C86DB2C1AD61C00143CC7 /* Build configuration list for PBXNativeTarget "MeaningOutApp" */;
			buildPhases = (
				B85C86C32C1AD61B00143CC7 /* Sources */,
				B85C86C42C1AD61B00143CC7 /* Frameworks */,
				B85C86C52C1AD61B00143CC7 /* Resources */,
				B8F74E232C3B60EB00075BB7 /* Embed Frameworks */,
			);
			buildRules = (
			);
			dependencies = (
			);
			name = MeaningOutApp;
			packageProductDependencies = (
				B85C86E52C1AD7A400143CC7 /* Alamofire */,
				B85C86E82C1AD7B300143CC7 /* Kingfisher */,
				B85C86EB2C1AD7BC00143CC7 /* SnapKit */,
				B85C86EE2C1AD7C300143CC7 /* IQKeyboardManagerSwift */,
				B85C86F12C1AD7CB00143CC7 /* SwiftyUserDefaults */,
				B85C86F42C1AD7D500143CC7 /* Toast */,
				B828B08C2C20FE92002B82AF /* Lottie */,
				B8F4ED012C37A77E004D68E5 /* RealmSwift */,
			);
			productName = MeaningOutApp;
			productReference = B85C86C72C1AD61B00143CC7 /* MeaningOutApp.app */;
			productType = "com.apple.product-type.application";
		};
/* End PBXNativeTarget section */

/* Begin PBXProject section */
		B85C86BF2C1AD61B00143CC7 /* Project object */ = {
			isa = PBXProject;
			attributes = {
				BuildIndependentTargetsInParallel = 1;
				LastSwiftUpdateCheck = 1530;
				LastUpgradeCheck = 1530;
				TargetAttributes = {
					B85C86C62C1AD61B00143CC7 = {
						CreatedOnToolsVersion = 15.3;
					};
				};
			};
			buildConfigurationList = B85C86C22C1AD61B00143CC7 /* Build configuration list for PBXProject "MeaningOutApp" */;
			compatibilityVersion = "Xcode 14.0";
			developmentRegion = en;
			hasScannedForEncodings = 0;
			knownRegions = (
				en,
				Base,
			);
			mainGroup = B85C86BE2C1AD61B00143CC7;
			packageReferences = (
				B85C86E42C1AD7A400143CC7 /* XCRemoteSwiftPackageReference "Alamofire" */,
				B85C86E72C1AD7B300143CC7 /* XCRemoteSwiftPackageReference "Kingfisher" */,
				B85C86EA2C1AD7BC00143CC7 /* XCRemoteSwiftPackageReference "SnapKit" */,
				B85C86ED2C1AD7C300143CC7 /* XCRemoteSwiftPackageReference "IQKeyboardManager" */,
				B85C86F02C1AD7CB00143CC7 /* XCRemoteSwiftPackageReference "SwiftyUserDefaults" */,
				B85C86F32C1AD7D500143CC7 /* XCRemoteSwiftPackageReference "Toast-Swift" */,
				B828B08B2C20FE92002B82AF /* XCRemoteSwiftPackageReference "lottie-ios" */,
				B8F4ED002C37A77E004D68E5 /* XCRemoteSwiftPackageReference "realm-swift" */,
			);
			productRefGroup = B85C86C82C1AD61B00143CC7 /* Products */;
			projectDirPath = "";
			projectRoot = "";
			targets = (
				B85C86C62C1AD61B00143CC7 /* MeaningOutApp */,
			);
		};
/* End PBXProject section */

/* Begin PBXResourcesBuildPhase section */
		B85C86C52C1AD61B00143CC7 /* Resources */ = {
			isa = PBXResourcesBuildPhase;
			buildActionMask = 2147483647;
			files = (
				B85C86D42C1AD61C00143CC7 /* Assets.xcassets in Resources */,
				B85C86DF2C1AD6CA00143CC7 /* .gitignore in Resources */,
				B85C86D72C1AD61C00143CC7 /* Base in Resources */,
				B8FE7B3B2C21030B00566592 /* cart.json in Resources */,
				B8D93ED72C216B4D00034165 /* loading.json in Resources */,
			);
			runOnlyForDeploymentPostprocessing = 0;
		};
/* End PBXResourcesBuildPhase section */

/* Begin PBXSourcesBuildPhase section */
		B85C86C32C1AD61B00143CC7 /* Sources */ = {
			isa = PBXSourcesBuildPhase;
			buildActionMask = 2147483647;
			files = (
				B85C87382C1B43AD00143CC7 /* MeaningOutItemCell.swift in Sources */,
				B85C872B2C1B2E3A00143CC7 /* CharacterCollectionViewCell.swift in Sources */,
				B85C87222C1AFEFE00143CC7 /* ProfileVCType.swift in Sources */,
				B85C871A2C1AE79A00143CC7 /* ButtonType.swift in Sources */,
				B85C87432C1C028600143CC7 /* UIViewController+Extension.swift in Sources */,
				B85C87242C1B227D00143CC7 /* BaseFont.swift in Sources */,
				B8F4ED092C37A871004D68E5 /* CartItemModel.swift in Sources */,
				B85C87042C1ADEB500143CC7 /* CharacterView.swift in Sources */,
				B85C87062C1ADF1C00143CC7 /* MainTabBarController.swift in Sources */,
				B85C870E2C1AE00200143CC7 /* DefaultsKeys+Extension.swift in Sources */,
				B8F4ED0F2C390CFF004D68E5 /* UIView+Extension.swift in Sources */,
				B87313432C3ECF3F000AF9FB /* SearchViewModel.swift in Sources */,
				B85C87452C1C33F700143CC7 /* ShoppingItemList.swift in Sources */,
				B87313602C42CA17000AF9FB /* CartCategoryViewModel.swift in Sources */,
				B873135C2C4273EE000AF9FB /* AddProductTableViewCell.swift in Sources */,
				B85C87472C1C3AC900143CC7 /* APIService.swift in Sources */,
				B87313572C42641B000AF9FB /* CategoryListCollectionViewCell.swift in Sources */,
				B85C86CB2C1AD61B00143CC7 /* AppDelegate.swift in Sources */,
				B87313202C3E0664000AF9FB /* SelectCharacterViewModel.swift in Sources */,
				B873135E2C42BE03000AF9FB /* AddProductViewModel.swift in Sources */,
				B85C873C2C1B449000143CC7 /* SettingViewController.swift in Sources */,
				B85C872F2C1B3B3C00143CC7 /* Character.swift in Sources */,
				B85C871E2C1AF34500143CC7 /* ProfileSettingViewController.swift in Sources */,
				B85C874C2C1C3DF400143CC7 /* String+Extension.swift in Sources */,
				B8F4ED072C37A7CB004D68E5 /* CartViewController.swift in Sources */,
				B85C87412C1C006500143CC7 /* SearchItemCell.swift in Sources */,
				B87313622C42CE43000AF9FB /* CartViewModel.swift in Sources */,
				B85C86FF2C1ADD9300143CC7 /* ImageAssets.swift in Sources */,
				B87313162C3D1B42000AF9FB /* ProfileSettingViewModel.swift in Sources */,
				B85C87312C1B430D00143CC7 /* SearchViewController.swift in Sources */,
				B85C873F2C1BFB8F00143CC7 /* SearchResults.swift in Sources */,
				B8D93ED52C21601D00034165 /* CharacterStyle.swift in Sources */,
				B85C86E12C1AD6D800143CC7 /* APIInfo.swift in Sources */,
				B85C86FD2C1ADBE000143CC7 /* UIColor+Extension.swift in Sources */,
				B85C87352C1B437500143CC7 /* ProductWebViewController.swift in Sources */,
				B873133E2C3E4C6B000AF9FB /* MeaningOutListViewModel.swift in Sources */,
				B87313412C3E683E000AF9FB /* ProductWebViewModel.swift in Sources */,
				B8F4ED0D2C37C8ED004D68E5 /* FileManager+Extension.swift in Sources */,
				B85C87332C1B433800143CC7 /* MeaningOutListViewController.swift in Sources */,
				B85C87502C1D507A00143CC7 /* FilterButton.swift in Sources */,
				B87313552C3FCF53000AF9FB /* NSAttributedString+Extension.swift in Sources */,
				B85C875D2C1F26E400143CC7 /* User.swift in Sources */,
				B85C87262C1B2DF700143CC7 /* SelectCharacterViewController.swift in Sources */,
				B85C87182C1AE3E800143CC7 /* BaseVC.swift in Sources */,
				B87313092C3CB183000AF9FB /* CartCategoryViewController.swift in Sources */,
				B87313182C3D1C1D000AF9FB /* Observable.swift in Sources */,
				B85C874E2C1D4C4000143CC7 /* MeaningOutListHeaderView.swift in Sources */,
				B85C87542C1F1CB700143CC7 /* SettingTableViewCell.swift in Sources */,
				B87313462C3EDAE5000AF9FB /* SettingViewModel.swift in Sources */,
				B85C871C2C1AEA3A00143CC7 /* Localized.swift in Sources */,
				B873135A2C42736E000AF9FB /* AddProductViewController.swift in Sources */,
				B8759EFC2C2AC1F700D8B30B /* BaseTableViewCell.swift in Sources */,
				B85C86FA2C1ADB3800143CC7 /* Color.swift in Sources */,
				B85C86CD2C1AD61B00143CC7 /* SceneDelegate.swift in Sources */,
				B85C87592C1F260100143CC7 /* SettingHeaderView.swift in Sources */,
				B85C87162C1AE3D800143CC7 /* BaseButton.swift in Sources */,
				B85C87082C1ADF8900143CC7 /* OnboardingViewController.swift in Sources */,
				B89D65F42C2C004B004E418F /* APIManager.swift in Sources */,
				B873131C2C3D70FE000AF9FB /* AddCategoryViewController.swift in Sources */,
				B8F4ED0B2C37ADE5004D68E5 /* CartRepository.swift in Sources */,
				B85C87572C1F259D00143CC7 /* SettingType.swift in Sources */,
				B85C875B2C1F26C500143CC7 /* FilterType.swift in Sources */,
			);
			runOnlyForDeploymentPostprocessing = 0;
		};
/* End PBXSourcesBuildPhase section */

/* Begin PBXVariantGroup section */
		B85C86D52C1AD61C00143CC7 /* LaunchScreen.storyboard */ = {
			isa = PBXVariantGroup;
			children = (
				B85C86D62C1AD61C00143CC7 /* Base */,
			);
			name = LaunchScreen.storyboard;
			sourceTree = "<group>";
		};
/* End PBXVariantGroup section */

/* Begin XCBuildConfiguration section */
		B85C86D92C1AD61C00143CC7 /* Debug */ = {
			isa = XCBuildConfiguration;
			buildSettings = {
				ALWAYS_SEARCH_USER_PATHS = NO;
				ASSETCATALOG_COMPILER_GENERATE_SWIFT_ASSET_SYMBOL_EXTENSIONS = YES;
				CLANG_ANALYZER_NONNULL = YES;
				CLANG_ANALYZER_NUMBER_OBJECT_CONVERSION = YES_AGGRESSIVE;
				CLANG_CXX_LANGUAGE_STANDARD = "gnu++20";
				CLANG_ENABLE_MODULES = YES;
				CLANG_ENABLE_OBJC_ARC = YES;
				CLANG_ENABLE_OBJC_WEAK = YES;
				CLANG_WARN_BLOCK_CAPTURE_AUTORELEASING = YES;
				CLANG_WARN_BOOL_CONVERSION = YES;
				CLANG_WARN_COMMA = YES;
				CLANG_WARN_CONSTANT_CONVERSION = YES;
				CLANG_WARN_DEPRECATED_OBJC_IMPLEMENTATIONS = YES;
				CLANG_WARN_DIRECT_OBJC_ISA_USAGE = YES_ERROR;
				CLANG_WARN_DOCUMENTATION_COMMENTS = YES;
				CLANG_WARN_EMPTY_BODY = YES;
				CLANG_WARN_ENUM_CONVERSION = YES;
				CLANG_WARN_INFINITE_RECURSION = YES;
				CLANG_WARN_INT_CONVERSION = YES;
				CLANG_WARN_NON_LITERAL_NULL_CONVERSION = YES;
				CLANG_WARN_OBJC_IMPLICIT_RETAIN_SELF = YES;
				CLANG_WARN_OBJC_LITERAL_CONVERSION = YES;
				CLANG_WARN_OBJC_ROOT_CLASS = YES_ERROR;
				CLANG_WARN_QUOTED_INCLUDE_IN_FRAMEWORK_HEADER = YES;
				CLANG_WARN_RANGE_LOOP_ANALYSIS = YES;
				CLANG_WARN_STRICT_PROTOTYPES = YES;
				CLANG_WARN_SUSPICIOUS_MOVE = YES;
				CLANG_WARN_UNGUARDED_AVAILABILITY = YES_AGGRESSIVE;
				CLANG_WARN_UNREACHABLE_CODE = YES;
				CLANG_WARN__DUPLICATE_METHOD_MATCH = YES;
				COPY_PHASE_STRIP = NO;
				DEBUG_INFORMATION_FORMAT = dwarf;
				ENABLE_STRICT_OBJC_MSGSEND = YES;
				ENABLE_TESTABILITY = YES;
				ENABLE_USER_SCRIPT_SANDBOXING = YES;
				GCC_C_LANGUAGE_STANDARD = gnu17;
				GCC_DYNAMIC_NO_PIC = NO;
				GCC_NO_COMMON_BLOCKS = YES;
				GCC_OPTIMIZATION_LEVEL = 0;
				GCC_PREPROCESSOR_DEFINITIONS = (
					"DEBUG=1",
					"$(inherited)",
				);
				GCC_WARN_64_TO_32_BIT_CONVERSION = YES;
				GCC_WARN_ABOUT_RETURN_TYPE = YES_ERROR;
				GCC_WARN_UNDECLARED_SELECTOR = YES;
				GCC_WARN_UNINITIALIZED_AUTOS = YES_AGGRESSIVE;
				GCC_WARN_UNUSED_FUNCTION = YES;
				GCC_WARN_UNUSED_VARIABLE = YES;
				IPHONEOS_DEPLOYMENT_TARGET = 15.0;
				LOCALIZATION_PREFERS_STRING_CATALOGS = YES;
				MTL_ENABLE_DEBUG_INFO = INCLUDE_SOURCE;
				MTL_FAST_MATH = YES;
				ONLY_ACTIVE_ARCH = YES;
				SDKROOT = iphoneos;
				SWIFT_ACTIVE_COMPILATION_CONDITIONS = "DEBUG $(inherited)";
				SWIFT_OPTIMIZATION_LEVEL = "-Onone";
			};
			name = Debug;
		};
		B85C86DA2C1AD61C00143CC7 /* Release */ = {
			isa = XCBuildConfiguration;
			buildSettings = {
				ALWAYS_SEARCH_USER_PATHS = NO;
				ASSETCATALOG_COMPILER_GENERATE_SWIFT_ASSET_SYMBOL_EXTENSIONS = YES;
				CLANG_ANALYZER_NONNULL = YES;
				CLANG_ANALYZER_NUMBER_OBJECT_CONVERSION = YES_AGGRESSIVE;
				CLANG_CXX_LANGUAGE_STANDARD = "gnu++20";
				CLANG_ENABLE_MODULES = YES;
				CLANG_ENABLE_OBJC_ARC = YES;
				CLANG_ENABLE_OBJC_WEAK = YES;
				CLANG_WARN_BLOCK_CAPTURE_AUTORELEASING = YES;
				CLANG_WARN_BOOL_CONVERSION = YES;
				CLANG_WARN_COMMA = YES;
				CLANG_WARN_CONSTANT_CONVERSION = YES;
				CLANG_WARN_DEPRECATED_OBJC_IMPLEMENTATIONS = YES;
				CLANG_WARN_DIRECT_OBJC_ISA_USAGE = YES_ERROR;
				CLANG_WARN_DOCUMENTATION_COMMENTS = YES;
				CLANG_WARN_EMPTY_BODY = YES;
				CLANG_WARN_ENUM_CONVERSION = YES;
				CLANG_WARN_INFINITE_RECURSION = YES;
				CLANG_WARN_INT_CONVERSION = YES;
				CLANG_WARN_NON_LITERAL_NULL_CONVERSION = YES;
				CLANG_WARN_OBJC_IMPLICIT_RETAIN_SELF = YES;
				CLANG_WARN_OBJC_LITERAL_CONVERSION = YES;
				CLANG_WARN_OBJC_ROOT_CLASS = YES_ERROR;
				CLANG_WARN_QUOTED_INCLUDE_IN_FRAMEWORK_HEADER = YES;
				CLANG_WARN_RANGE_LOOP_ANALYSIS = YES;
				CLANG_WARN_STRICT_PROTOTYPES = YES;
				CLANG_WARN_SUSPICIOUS_MOVE = YES;
				CLANG_WARN_UNGUARDED_AVAILABILITY = YES_AGGRESSIVE;
				CLANG_WARN_UNREACHABLE_CODE = YES;
				CLANG_WARN__DUPLICATE_METHOD_MATCH = YES;
				COPY_PHASE_STRIP = NO;
				DEBUG_INFORMATION_FORMAT = "dwarf-with-dsym";
				ENABLE_NS_ASSERTIONS = NO;
				ENABLE_STRICT_OBJC_MSGSEND = YES;
				ENABLE_USER_SCRIPT_SANDBOXING = YES;
				GCC_C_LANGUAGE_STANDARD = gnu17;
				GCC_NO_COMMON_BLOCKS = YES;
				GCC_WARN_64_TO_32_BIT_CONVERSION = YES;
				GCC_WARN_ABOUT_RETURN_TYPE = YES_ERROR;
				GCC_WARN_UNDECLARED_SELECTOR = YES;
				GCC_WARN_UNINITIALIZED_AUTOS = YES_AGGRESSIVE;
				GCC_WARN_UNUSED_FUNCTION = YES;
				GCC_WARN_UNUSED_VARIABLE = YES;
				IPHONEOS_DEPLOYMENT_TARGET = 15.0;
				LOCALIZATION_PREFERS_STRING_CATALOGS = YES;
				MTL_ENABLE_DEBUG_INFO = NO;
				MTL_FAST_MATH = YES;
				SDKROOT = iphoneos;
				SWIFT_COMPILATION_MODE = wholemodule;
				VALIDATE_PRODUCT = YES;
			};
			name = Release;
		};
		B85C86DC2C1AD61C00143CC7 /* Debug */ = {
			isa = XCBuildConfiguration;
			buildSettings = {
				ASSETCATALOG_COMPILER_APPICON_NAME = AppIcon;
				ASSETCATALOG_COMPILER_GLOBAL_ACCENT_COLOR_NAME = AccentColor;
				CODE_SIGN_STYLE = Automatic;
				CURRENT_PROJECT_VERSION = 1;
				DEVELOPMENT_TEAM = 9N9NGPM747;
				GENERATE_INFOPLIST_FILE = YES;
				INFOPLIST_FILE = MeaningOutApp/Info.plist;
				INFOPLIST_KEY_CFBundleDisplayName = "장예지";
				INFOPLIST_KEY_UIApplicationSupportsIndirectInputEvents = YES;
				INFOPLIST_KEY_UILaunchStoryboardName = LaunchScreen;
				INFOPLIST_KEY_UISupportedInterfaceOrientations = UIInterfaceOrientationPortrait;
				INFOPLIST_KEY_UISupportedInterfaceOrientations_iPad = UIInterfaceOrientationPortrait;
				INFOPLIST_KEY_UIUserInterfaceStyle = Light;
				LD_RUNPATH_SEARCH_PATHS = (
					"$(inherited)",
					"@executable_path/Frameworks",
				);
				MARKETING_VERSION = 1.0;
				PRODUCT_BUNDLE_IDENTIFIER = com.yeji.MeaningOutApp;
				PRODUCT_NAME = "$(TARGET_NAME)";
				SUPPORTED_PLATFORMS = "iphoneos iphonesimulator";
				SUPPORTS_MACCATALYST = NO;
				SUPPORTS_MAC_DESIGNED_FOR_IPHONE_IPAD = NO;
				SUPPORTS_XR_DESIGNED_FOR_IPHONE_IPAD = NO;
				SWIFT_EMIT_LOC_STRINGS = YES;
				SWIFT_VERSION = 5.0;
				TARGETED_DEVICE_FAMILY = 1;
			};
			name = Debug;
		};
		B85C86DD2C1AD61C00143CC7 /* Release */ = {
			isa = XCBuildConfiguration;
			buildSettings = {
				ASSETCATALOG_COMPILER_APPICON_NAME = AppIcon;
				ASSETCATALOG_COMPILER_GLOBAL_ACCENT_COLOR_NAME = AccentColor;
				CODE_SIGN_STYLE = Automatic;
				CURRENT_PROJECT_VERSION = 1;
				DEVELOPMENT_TEAM = 9N9NGPM747;
				GENERATE_INFOPLIST_FILE = YES;
				INFOPLIST_FILE = MeaningOutApp/Info.plist;
				INFOPLIST_KEY_CFBundleDisplayName = "장예지";
				INFOPLIST_KEY_UIApplicationSupportsIndirectInputEvents = YES;
				INFOPLIST_KEY_UILaunchStoryboardName = LaunchScreen;
				INFOPLIST_KEY_UISupportedInterfaceOrientations = UIInterfaceOrientationPortrait;
				INFOPLIST_KEY_UISupportedInterfaceOrientations_iPad = UIInterfaceOrientationPortrait;
				INFOPLIST_KEY_UIUserInterfaceStyle = Light;
				LD_RUNPATH_SEARCH_PATHS = (
					"$(inherited)",
					"@executable_path/Frameworks",
				);
				MARKETING_VERSION = 1.0;
				PRODUCT_BUNDLE_IDENTIFIER = com.yeji.MeaningOutApp;
				PRODUCT_NAME = "$(TARGET_NAME)";
				SUPPORTED_PLATFORMS = "iphoneos iphonesimulator";
				SUPPORTS_MACCATALYST = NO;
				SUPPORTS_MAC_DESIGNED_FOR_IPHONE_IPAD = NO;
				SUPPORTS_XR_DESIGNED_FOR_IPHONE_IPAD = NO;
				SWIFT_EMIT_LOC_STRINGS = YES;
				SWIFT_VERSION = 5.0;
				TARGETED_DEVICE_FAMILY = 1;
			};
			name = Release;
		};
/* End XCBuildConfiguration section */

/* Begin XCConfigurationList section */
		B85C86C22C1AD61B00143CC7 /* Build configuration list for PBXProject "MeaningOutApp" */ = {
			isa = XCConfigurationList;
			buildConfigurations = (
				B85C86D92C1AD61C00143CC7 /* Debug */,
				B85C86DA2C1AD61C00143CC7 /* Release */,
			);
			defaultConfigurationIsVisible = 0;
			defaultConfigurationName = Release;
		};
		B85C86DB2C1AD61C00143CC7 /* Build configuration list for PBXNativeTarget "MeaningOutApp" */ = {
			isa = XCConfigurationList;
			buildConfigurations = (
				B85C86DC2C1AD61C00143CC7 /* Debug */,
				B85C86DD2C1AD61C00143CC7 /* Release */,
			);
			defaultConfigurationIsVisible = 0;
			defaultConfigurationName = Release;
		};
/* End XCConfigurationList section */

/* Begin XCRemoteSwiftPackageReference section */
		B828B08B2C20FE92002B82AF /* XCRemoteSwiftPackageReference "lottie-ios" */ = {
			isa = XCRemoteSwiftPackageReference;
			repositoryURL = "https://github.com/airbnb/lottie-ios";
			requirement = {
				kind = upToNextMajorVersion;
				minimumVersion = 4.4.3;
			};
		};
		B85C86E42C1AD7A400143CC7 /* XCRemoteSwiftPackageReference "Alamofire" */ = {
			isa = XCRemoteSwiftPackageReference;
			repositoryURL = "https://github.com/Alamofire/Alamofire.git";
			requirement = {
				kind = upToNextMajorVersion;
				minimumVersion = 5.9.1;
			};
		};
		B85C86E72C1AD7B300143CC7 /* XCRemoteSwiftPackageReference "Kingfisher" */ = {
			isa = XCRemoteSwiftPackageReference;
			repositoryURL = "https://github.com/onevcat/Kingfisher";
			requirement = {
				kind = upToNextMajorVersion;
				minimumVersion = 7.12.0;
			};
		};
		B85C86EA2C1AD7BC00143CC7 /* XCRemoteSwiftPackageReference "SnapKit" */ = {
			isa = XCRemoteSwiftPackageReference;
			repositoryURL = "https://github.com/SnapKit/SnapKit.git";
			requirement = {
				kind = upToNextMajorVersion;
				minimumVersion = 5.7.1;
			};
		};
		B85C86ED2C1AD7C300143CC7 /* XCRemoteSwiftPackageReference "IQKeyboardManager" */ = {
			isa = XCRemoteSwiftPackageReference;
			repositoryURL = "https://github.com/hackiftekhar/IQKeyboardManager";
			requirement = {
				kind = upToNextMajorVersion;
				minimumVersion = 7.0.3;
			};
		};
		B85C86F02C1AD7CB00143CC7 /* XCRemoteSwiftPackageReference "SwiftyUserDefaults" */ = {
			isa = XCRemoteSwiftPackageReference;
			repositoryURL = "https://github.com/sunshinejr/SwiftyUserDefaults.git";
			requirement = {
				kind = upToNextMajorVersion;
				minimumVersion = 5.3.0;
			};
		};
		B85C86F32C1AD7D500143CC7 /* XCRemoteSwiftPackageReference "Toast-Swift" */ = {
			isa = XCRemoteSwiftPackageReference;
			repositoryURL = "https://github.com/scalessec/Toast-Swift.git";
			requirement = {
				kind = upToNextMajorVersion;
				minimumVersion = 5.1.1;
			};
		};
		B8F4ED002C37A77E004D68E5 /* XCRemoteSwiftPackageReference "realm-swift" */ = {
			isa = XCRemoteSwiftPackageReference;
			repositoryURL = "https://github.com/realm/realm-swift";
			requirement = {
				kind = exactVersion;
				version = 10.52.1;
			};
		};
/* End XCRemoteSwiftPackageReference section */

/* Begin XCSwiftPackageProductDependency section */
		B828B08C2C20FE92002B82AF /* Lottie */ = {
			isa = XCSwiftPackageProductDependency;
			package = B828B08B2C20FE92002B82AF /* XCRemoteSwiftPackageReference "lottie-ios" */;
			productName = Lottie;
		};
		B85C86E52C1AD7A400143CC7 /* Alamofire */ = {
			isa = XCSwiftPackageProductDependency;
			package = B85C86E42C1AD7A400143CC7 /* XCRemoteSwiftPackageReference "Alamofire" */;
			productName = Alamofire;
		};
		B85C86E82C1AD7B300143CC7 /* Kingfisher */ = {
			isa = XCSwiftPackageProductDependency;
			package = B85C86E72C1AD7B300143CC7 /* XCRemoteSwiftPackageReference "Kingfisher" */;
			productName = Kingfisher;
		};
		B85C86EB2C1AD7BC00143CC7 /* SnapKit */ = {
			isa = XCSwiftPackageProductDependency;
			package = B85C86EA2C1AD7BC00143CC7 /* XCRemoteSwiftPackageReference "SnapKit" */;
			productName = SnapKit;
		};
		B85C86EE2C1AD7C300143CC7 /* IQKeyboardManagerSwift */ = {
			isa = XCSwiftPackageProductDependency;
			package = B85C86ED2C1AD7C300143CC7 /* XCRemoteSwiftPackageReference "IQKeyboardManager" */;
			productName = IQKeyboardManagerSwift;
		};
		B85C86F12C1AD7CB00143CC7 /* SwiftyUserDefaults */ = {
			isa = XCSwiftPackageProductDependency;
			package = B85C86F02C1AD7CB00143CC7 /* XCRemoteSwiftPackageReference "SwiftyUserDefaults" */;
			productName = SwiftyUserDefaults;
		};
		B85C86F42C1AD7D500143CC7 /* Toast */ = {
			isa = XCSwiftPackageProductDependency;
			package = B85C86F32C1AD7D500143CC7 /* XCRemoteSwiftPackageReference "Toast-Swift" */;
			productName = Toast;
		};
		B8F4ED012C37A77E004D68E5 /* RealmSwift */ = {
			isa = XCSwiftPackageProductDependency;
			package = B8F4ED002C37A77E004D68E5 /* XCRemoteSwiftPackageReference "realm-swift" */;
			productName = RealmSwift;
		};
/* End XCSwiftPackageProductDependency section */
	};
	rootObject = B85C86BF2C1AD61B00143CC7 /* Project object */;
}
